
Microsoft Visual Studio Solution File, Format Version 12.00
# Visual Studio Version 17
VisualStudioVersion = 17.5.002.0
MinimumVisualStudioVersion = 10.0.40219.1
Project("{9A19103F-16F7-4668-BE54-9A1E7A4F7556}") = "CFM", "CFM\CFM.csproj", "{6DAA4698-4D14-4C34-A2D7-F5FFC6B8A7FF}"
EndProject
Project("{9A19103F-16F7-4668-BE54-9A1E7A4F7556}") = "MyLibrary", "MyLibrary\MyLibrary.csproj", "{D7AA4179-2579-44F5-BD51-C5079466F3C6}"
EndProject
Global
	GlobalSection(SolutionConfigurationPlatforms) = preSolution
		Debug|Any CPU = Debug|Any CPU
		Release|Any CPU = Release|Any CPU
	EndGlobalSection
	GlobalSection(ProjectConfigurationPlatforms) = postSolution
		{6DAA4698-4D14-4C34-A2D7-F5FFC6B8A7FF}.Debug|Any CPU.ActiveCfg = Debug|Any CPU
		{6DAA4698-4D14-4C34-A2D7-F5FFC6B8A7FF}.Debug|Any CPU.Build.0 = Debug|Any CPU
		{6DAA4698-4D14-4C34-A2D7-F5FFC6B8A7FF}.Release|Any CPU.ActiveCfg = Release|Any CPU
		{6DAA4698-4D14-4C34-A2D7-F5FFC6B8A7FF}.Release|Any CPU.Build.0 = Release|Any CPU
		{D7AA4179-2579-44F5-BD51-C5079466F3C6}.Debug|Any CPU.ActiveCfg = Debug|Any CPU
		{D7AA4179-2579-44F5-BD51-C5079466F3C6}.Debug|Any CPU.Build.0 = Debug|Any CPU
		{D7AA4179-2579-44F5-BD51-C5079466F3C6}.Release|Any CPU.ActiveCfg = Release|Any CPU
		{D7AA4179-2579-44F5-BD51-C5079466F3C6}.Release|Any CPU.Build.0 = Release|Any CPU
	EndGlobalSection
	GlobalSection(SolutionProperties) = preSolution
		HideSolutionNode = FALSE
	EndGlobalSection
	GlobalSection(ExtensibilityGlobals) = postSolution
		SolutionGuid = {8A2AF836-8425-49F1-BE41-A34EE472DFBE}
	EndGlobalSection
EndGlobal
